
Microsoft Visual Studio Solution File, Format Version 12.00
# Visual Studio 15
VisualStudioVersion = 15.0.28010.2016
MinimumVisualStudioVersion = 10.0.40219.1
Project("{9A19103F-16F7-4668-BE54-9A1E7A4F7556}") = "CMSTool", "CMSTool.csproj", "{7C12B32B-95D5-4BF1-B7E9-CD7B51310C15}"
EndProject
Global
	GlobalSection(SolutionConfigurationPlatforms) = preSolution
		Debug|Any CPU = Debug|Any CPU
		Release|Any CPU = Release|Any CPU
	EndGlobalSection
	GlobalSection(ProjectConfigurationPlatforms) = postSolution
		{7C12B32B-95D5-4BF1-B7E9-CD7B51310C15}.Debug|Any CPU.ActiveCfg = Debug|Any CPU
		{7C12B32B-95D5-4BF1-B7E9-CD7B51310C15}.Debug|Any CPU.Build.0 = Debug|Any CPU
		{7C12B32B-95D5-4BF1-B7E9-CD7B51310C15}.Release|Any CPU.ActiveCfg = Release|Any CPU
		{7C12B32B-95D5-4BF1-B7E9-CD7B51310C15}.Release|Any CPU.Build.0 = Release|Any CPU
	EndGlobalSection
	GlobalSection(SolutionProperties) = preSolution
		HideSolutionNode = FALSE
	EndGlobalSection
	GlobalSection(ExtensibilityGlobals) = postSolution
		SolutionGuid = {4E872C6C-42E7-480B-AFBD-27EE8E584544}
	EndGlobalSection
EndGlobal
